// !$*UTF8*$!
{
	archiveVersion = 1;
	classes = {
	};
	objectVersion = 55;
	objects = {

/* Begin PBXBuildFile section */
		83284923281F03350009C51F /* BirdyyApp.swift in Sources */ = {isa = PBXBuildFile; fileRef = 83284922281F03350009C51F /* BirdyyApp.swift */; };
		83284925281F03350009C51F /* ContentView.swift in Sources */ = {isa = PBXBuildFile; fileRef = 83284924281F03350009C51F /* ContentView.swift */; };
		83284927281F03360009C51F /* Assets.xcassets in Resources */ = {isa = PBXBuildFile; fileRef = 83284926281F03360009C51F /* Assets.xcassets */; };
		8328492A281F03360009C51F /* Preview Assets.xcassets in Resources */ = {isa = PBXBuildFile; fileRef = 83284929281F03360009C51F /* Preview Assets.xcassets */; };
		83284934281F03360009C51F /* BirdyyTests.swift in Sources */ = {isa = PBXBuildFile; fileRef = 83284933281F03360009C51F /* BirdyyTests.swift */; };
		8328493E281F03360009C51F /* BirdyyUITests.swift in Sources */ = {isa = PBXBuildFile; fileRef = 8328493D281F03360009C51F /* BirdyyUITests.swift */; };
		83284940281F03360009C51F /* BirdyyUITestsLaunchTests.swift in Sources */ = {isa = PBXBuildFile; fileRef = 8328493F281F03360009C51F /* BirdyyUITestsLaunchTests.swift */; };
		8328494D281F034D0009C51F /* SoundResultsObserver.swift in Sources */ = {isa = PBXBuildFile; fileRef = 8328494C281F034D0009C51F /* SoundResultsObserver.swift */; };
		8328494F281F03CE0009C51F /* Birdyy.mlmodel in Sources */ = {isa = PBXBuildFile; fileRef = 8328494E281F03CE0009C51F /* Birdyy.mlmodel */; };
		83284951281F0A020009C51F /* Classification.swift in Sources */ = {isa = PBXBuildFile; fileRef = 83284950281F0A020009C51F /* Classification.swift */; };
/* End PBXBuildFile section */

/* Begin PBXContainerItemProxy section */
		83284930281F03360009C51F /* PBXContainerItemProxy */ = {
			isa = PBXContainerItemProxy;
			containerPortal = 83284917281F03350009C51F /* Project object */;
			proxyType = 1;
			remoteGlobalIDString = 8328491E281F03350009C51F;
			remoteInfo = Birdyy;
		};
		8328493A281F03360009C51F /* PBXContainerItemProxy */ = {
			isa = PBXContainerItemProxy;
			containerPortal = 83284917281F03350009C51F /* Project object */;
			proxyType = 1;
			remoteGlobalIDString = 8328491E281F03350009C51F;
			remoteInfo = Birdyy;
		};
/* End PBXContainerItemProxy section */

/* Begin PBXFileReference section */
		8328491F281F03350009C51F /* Birdyy.app */ = {isa = PBXFileReference; explicitFileType = wrapper.application; includeInIndex = 0; path = Birdyy.app; sourceTree = BUILT_PRODUCTS_DIR; };
		83284922281F03350009C51F /* BirdyyApp.swift */ = {isa = PBXFileReference; lastKnownFileType = sourcecode.swift; path = BirdyyApp.swift; sourceTree = "<group>"; };
		83284924281F03350009C51F /* ContentView.swift */ = {isa = PBXFileReference; lastKnownFileType = sourcecode.swift; path = ContentView.swift; sourceTree = "<group>"; };
		83284926281F03360009C51F /* Assets.xcassets */ = {isa = PBXFileReference; lastKnownFileType = folder.assetcatalog; path = Assets.xcassets; sourceTree = "<group>"; };
		83284929281F03360009C51F /* Preview Assets.xcassets */ = {isa = PBXFileReference; lastKnownFileType = folder.assetcatalog; path = "Preview Assets.xcassets"; sourceTree = "<group>"; };
		8328492F281F03360009C51F /* BirdyyTests.xctest */ = {isa = PBXFileReference; explicitFileType = wrapper.cfbundle; includeInIndex = 0; path = BirdyyTests.xctest; sourceTree = BUILT_PRODUCTS_DIR; };
		83284933281F03360009C51F /* BirdyyTests.swift */ = {isa = PBXFileReference; lastKnownFileType = sourcecode.swift; path = BirdyyTests.swift; sourceTree = "<group>"; };
		83284939281F03360009C51F /* BirdyyUITests.xctest */ = {isa = PBXFileReference; explicitFileType = wrapper.cfbundle; includeInIndex = 0; path = BirdyyUITests.xctest; sourceTree = BUILT_PRODUCTS_DIR; };
		8328493D281F03360009C51F /* BirdyyUITests.swift */ = {isa = PBXFileReference; lastKnownFileType = sourcecode.swift; path = BirdyyUITests.swift; sourceTree = "<group>"; };
		8328493F281F03360009C51F /* BirdyyUITestsLaunchTests.swift */ = {isa = PBXFileReference; lastKnownFileType = sourcecode.swift; path = BirdyyUITestsLaunchTests.swift; sourceTree = "<group>"; };
		8328494C281F034D0009C51F /* SoundResultsObserver.swift */ = {isa = PBXFileReference; fileEncoding = 4; lastKnownFileType = sourcecode.swift; path = SoundResultsObserver.swift; sourceTree = "<group>"; };
		8328494E281F03CE0009C51F /* Birdyy.mlmodel */ = {isa = PBXFileReference; lastKnownFileType = file.mlmodel; path = Birdyy.mlmodel; sourceTree = "<group>"; };
		83284950281F0A020009C51F /* Classification.swift */ = {isa = PBXFileReference; lastKnownFileType = sourcecode.swift; path = Classification.swift; sourceTree = "<group>"; };
/* End PBXFileReference section */

/* Begin PBXFrameworksBuildPhase section */
		8328491C281F03350009C51F /* Frameworks */ = {
			isa = PBXFrameworksBuildPhase;
			buildActionMask = 2147483647;
			files = (
			);
			runOnlyForDeploymentPostprocessing = 0;
		};
		8328492C281F03360009C51F /* Frameworks */ = {
			isa = PBXFrameworksBuildPhase;
			buildActionMask = 2147483647;
			files = (
			);
			runOnlyForDeploymentPostprocessing = 0;
		};
		83284936281F03360009C51F /* Frameworks */ = {
			isa = PBXFrameworksBuildPhase;
			buildActionMask = 2147483647;
			files = (
			);
			runOnlyForDeploymentPostprocessing = 0;
		};
/* End PBXFrameworksBuildPhase section */

/* Begin PBXGroup section */
		83284916281F03350009C51F = {
			isa = PBXGroup;
			children = (
				83284921281F03350009C51F /* Birdyy */,
				83284932281F03360009C51F /* BirdyyTests */,
				8328493C281F03360009C51F /* BirdyyUITests */,
				83284920281F03350009C51F /* Products */,
			);
			sourceTree = "<group>";
		};
		83284920281F03350009C51F /* Products */ = {
			isa = PBXGroup;
			children = (
				8328491F281F03350009C51F /* Birdyy.app */,
				8328492F281F03360009C51F /* BirdyyTests.xctest */,
				83284939281F03360009C51F /* BirdyyUITests.xctest */,
			);
			name = Products;
			sourceTree = "<group>";
		};
		83284921281F03350009C51F /* Birdyy */ = {
			isa = PBXGroup;
			children = (
				8328494E281F03CE0009C51F /* Birdyy.mlmodel */,
				8328494C281F034D0009C51F /* SoundResultsObserver.swift */,
				83284950281F0A020009C51F /* Classification.swift */,
				83284922281F03350009C51F /* BirdyyApp.swift */,
				83284924281F03350009C51F /* ContentView.swift */,
				83284926281F03360009C51F /* Assets.xcassets */,
				83284928281F03360009C51F /* Preview Content */,
			);
			path = Birdyy;
			sourceTree = "<group>";
		};
		83284928281F03360009C51F /* Preview Content */ = {
			isa = PBXGroup;
			children = (
				83284929281F03360009C51F /* Preview Assets.xcassets */,
			);
			path = "Preview Content";
			sourceTree = "<group>";
		};
		83284932281F03360009C51F /* BirdyyTests */ = {
			isa = PBXGroup;
			children = (
				83284933281F03360009C51F /* BirdyyTests.swift */,
			);
			path = BirdyyTests;
			sourceTree = "<group>";
		};
		8328493C281F03360009C51F /* BirdyyUITests */ = {
			isa = PBXGroup;
			children = (
				8328493D281F03360009C51F /* BirdyyUITests.swift */,
				8328493F281F03360009C51F /* BirdyyUITestsLaunchTests.swift */,
			);
			path = BirdyyUITests;
			sourceTree = "<group>";
		};
/* End PBXGroup section */

/* Begin PBXNativeTarget section */
		8328491E281F03350009C51F /* Birdyy */ = {
			isa = PBXNativeTarget;
			buildConfigurationList = 83284943281F03360009C51F /* Build configuration list for PBXNativeTarget "Birdyy" */;
			buildPhases = (
				8328491B281F03350009C51F /* Sources */,
				8328491C281F03350009C51F /* Frameworks */,
				8328491D281F03350009C51F /* Resources */,
			);
			buildRules = (
			);
			dependencies = (
			);
			name = Birdyy;
			productName = Birdyy;
			productReference = 8328491F281F03350009C51F /* Birdyy.app */;
			productType = "com.apple.product-type.application";
		};
		8328492E281F03360009C51F /* BirdyyTests */ = {
			isa = PBXNativeTarget;
			buildConfigurationList = 83284946281F03360009C51F /* Build configuration list for PBXNativeTarget "BirdyyTests" */;
			buildPhases = (
				8328492B281F03360009C51F /* Sources */,
				8328492C281F03360009C51F /* Frameworks */,
				8328492D281F03360009C51F /* Resources */,
			);
			buildRules = (
			);
			dependencies = (
				83284931281F03360009C51F /* PBXTargetDependency */,
			);
			name = BirdyyTests;
			productName = BirdyyTests;
			productReference = 8328492F281F03360009C51F /* BirdyyTests.xctest */;
			productType = "com.apple.product-type.bundle.unit-test";
		};
		83284938281F03360009C51F /* BirdyyUITests */ = {
			isa = PBXNativeTarget;
			buildConfigurationList = 83284949281F03360009C51F /* Build configuration list for PBXNativeTarget "BirdyyUITests" */;
			buildPhases = (
				83284935281F03360009C51F /* Sources */,
				83284936281F03360009C51F /* Frameworks */,
				83284937281F03360009C51F /* Resources */,
			);
			buildRules = (
			);
			dependencies = (
				8328493B281F03360009C51F /* PBXTargetDependency */,
			);
			name = BirdyyUITests;
			productName = BirdyyUITests;
			productReference = 83284939281F03360009C51F /* BirdyyUITests.xctest */;
			productType = "com.apple.product-type.bundle.ui-testing";
		};
/* End PBXNativeTarget section */

/* Begin PBXProject section */
		83284917281F03350009C51F /* Project object */ = {
			isa = PBXProject;
			attributes = {
				BuildIndependentTargetsInParallel = 1;
				LastSwiftUpdateCheck = 1330;
				LastUpgradeCheck = 1330;
				TargetAttributes = {
					8328491E281F03350009C51F = {
						CreatedOnToolsVersion = 13.3;
					};
					8328492E281F03360009C51F = {
						CreatedOnToolsVersion = 13.3;
						TestTargetID = 8328491E281F03350009C51F;
					};
					83284938281F03360009C51F = {
						CreatedOnToolsVersion = 13.3;
						TestTargetID = 8328491E281F03350009C51F;
					};
				};
			};
			buildConfigurationList = 8328491A281F03350009C51F /* Build configuration list for PBXProject "Birdyy" */;
			compatibilityVersion = "Xcode 13.0";
			developmentRegion = en;
			hasScannedForEncodings = 0;
			knownRegions = (
				en,
				Base,
			);
			mainGroup = 83284916281F03350009C51F;
			productRefGroup = 83284920281F03350009C51F /* Products */;
			projectDirPath = "";
			projectRoot = "";
			targets = (
				8328491E281F03350009C51F /* Birdyy */,
				8328492E281F03360009C51F /* BirdyyTests */,
				83284938281F03360009C51F /* BirdyyUITests */,
			);
		};
/* End PBXProject section */

/* Begin PBXResourcesBuildPhase section */
		8328491D281F03350009C51F /* Resources */ = {
			isa = PBXResourcesBuildPhase;
			buildActionMask = 2147483647;
			files = (
				8328492A281F03360009C51F /* Preview Assets.xcassets in Resources */,
				83284927281F03360009C51F /* Assets.xcassets in Resources */,
			);
			runOnlyForDeploymentPostprocessing = 0;
		};
		8328492D281F03360009C51F /* Resources */ = {
			isa = PBXResourcesBuildPhase;
			buildActionMask = 2147483647;
			files = (
			);
			runOnlyForDeploymentPostprocessing = 0;
		};
		83284937281F03360009C51F /* Resources */ = {
			isa = PBXResourcesBuildPhase;
			buildActionMask = 2147483647;
			files = (
			);
			runOnlyForDeploymentPostprocessing = 0;
		};
/* End PBXResourcesBuildPhase section */

/* Begin PBXSourcesBuildPhase section */
		8328491B281F03350009C51F /* Sources */ = {
			isa = PBXSourcesBuildPhase;
			buildActionMask = 2147483647;
			files = (
				83284951281F0A020009C51F /* Classification.swift in Sources */,
				83284925281F03350009C51F /* ContentView.swift in Sources */,
				8328494F281F03CE0009C51F /* Birdyy.mlmodel in Sources */,
				83284923281F03350009C51F /* BirdyyApp.swift in Sources */,
				8328494D281F034D0009C51F /* SoundResultsObserver.swift in Sources */,
			);
			runOnlyForDeploymentPostprocessing = 0;
		};
		8328492B281F03360009C51F /* Sources */ = {
			isa = PBXSourcesBuildPhase;
			buildActionMask = 2147483647;
			files = (
				83284934281F03360009C51F /* BirdyyTests.swift in Sources */,
			);
			runOnlyForDeploymentPostprocessing = 0;
		};
		83284935281F03360009C51F /* Sources */ = {
			isa = PBXSourcesBuildPhase;
			buildActionMask = 2147483647;
			files = (
				8328493E281F03360009C51F /* BirdyyUITests.swift in Sources */,
				83284940281F03360009C51F /* BirdyyUITestsLaunchTests.swift in Sources */,
			);
			runOnlyForDeploymentPostprocessing = 0;
		};
/* End PBXSourcesBuildPhase section */

/* Begin PBXTargetDependency section */
		83284931281F03360009C51F /* PBXTargetDependency */ = {
			isa = PBXTargetDependency;
			target = 8328491E281F03350009C51F /* Birdyy */;
			targetProxy = 83284930281F03360009C51F /* PBXContainerItemProxy */;
		};
		8328493B281F03360009C51F /* PBXTargetDependency */ = {
			isa = PBXTargetDependency;
			target = 8328491E281F03350009C51F /* Birdyy */;
			targetProxy = 8328493A281F03360009C51F /* PBXContainerItemProxy */;
		};
/* End PBXTargetDependency section */

/* Begin XCBuildConfiguration section */
		83284941281F03360009C51F /* Debug */ = {
			isa = XCBuildConfiguration;
			buildSettings = {
				ALWAYS_SEARCH_USER_PATHS = NO;
				CLANG_ANALYZER_NONNULL = YES;
				CLANG_ANALYZER_NUMBER_OBJECT_CONVERSION = YES_AGGRESSIVE;
				CLANG_CXX_LANGUAGE_STANDARD = "gnu++17";
				CLANG_ENABLE_MODULES = YES;
				CLANG_ENABLE_OBJC_ARC = YES;
				CLANG_ENABLE_OBJC_WEAK = YES;
				CLANG_WARN_BLOCK_CAPTURE_AUTORELEASING = YES;
				CLANG_WARN_BOOL_CONVERSION = YES;
				CLANG_WARN_COMMA = YES;
				CLANG_WARN_CONSTANT_CONVERSION = YES;
				CLANG_WARN_DEPRECATED_OBJC_IMPLEMENTATIONS = YES;
				CLANG_WARN_DIRECT_OBJC_ISA_USAGE = YES_ERROR;
				CLANG_WARN_DOCUMENTATION_COMMENTS = YES;
				CLANG_WARN_EMPTY_BODY = YES;
				CLANG_WARN_ENUM_CONVERSION = YES;
				CLANG_WARN_INFINITE_RECURSION = YES;
				CLANG_WARN_INT_CONVERSION = YES;
				CLANG_WARN_NON_LITERAL_NULL_CONVERSION = YES;
				CLANG_WARN_OBJC_IMPLICIT_RETAIN_SELF = YES;
				CLANG_WARN_OBJC_LITERAL_CONVERSION = YES;
				CLANG_WARN_OBJC_ROOT_CLASS = YES_ERROR;
				CLANG_WARN_QUOTED_INCLUDE_IN_FRAMEWORK_HEADER = YES;
				CLANG_WARN_RANGE_LOOP_ANALYSIS = YES;
				CLANG_WARN_STRICT_PROTOTYPES = YES;
				CLANG_WARN_SUSPICIOUS_MOVE = YES;
				CLANG_WARN_UNGUARDED_AVAILABILITY = YES_AGGRESSIVE;
				CLANG_WARN_UNREACHABLE_CODE = YES;
				CLANG_WARN__DUPLICATE_METHOD_MATCH = YES;
				COPY_PHASE_STRIP = NO;
				DEBUG_INFORMATION_FORMAT = dwarf;
				ENABLE_STRICT_OBJC_MSGSEND = YES;
				ENABLE_TESTABILITY = YES;
				GCC_C_LANGUAGE_STANDARD = gnu11;
				GCC_DYNAMIC_NO_PIC = NO;
				GCC_NO_COMMON_BLOCKS = YES;
				GCC_OPTIMIZATION_LEVEL = 0;
				GCC_PREPROCESSOR_DEFINITIONS = (
					"DEBUG=1",
					"$(inherited)",
				);
				GCC_WARN_64_TO_32_BIT_CONVERSION = YES;
				GCC_WARN_ABOUT_RETURN_TYPE = YES_ERROR;
				GCC_WARN_UNDECLARED_SELECTOR = YES;
				GCC_WARN_UNINITIALIZED_AUTOS = YES_AGGRESSIVE;
				GCC_WARN_UNUSED_FUNCTION = YES;
				GCC_WARN_UNUSED_VARIABLE = YES;
				IPHONEOS_DEPLOYMENT_TARGET = 15.4;
				MTL_ENABLE_DEBUG_INFO = INCLUDE_SOURCE;
				MTL_FAST_MATH = YES;
				ONLY_ACTIVE_ARCH = YES;
				SDKROOT = iphoneos;
				SWIFT_ACTIVE_COMPILATION_CONDITIONS = DEBUG;
				SWIFT_OPTIMIZATION_LEVEL = "-Onone";
			};
			name = Debug;
		};
		83284942281F03360009C51F /* Release */ = {
			isa = XCBuildConfiguration;
			buildSettings = {
				ALWAYS_SEARCH_USER_PATHS = NO;
				CLANG_ANALYZER_NONNULL = YES;
				CLANG_ANALYZER_NUMBER_OBJECT_CONVERSION = YES_AGGRESSIVE;
				CLANG_CXX_LANGUAGE_STANDARD = "gnu++17";
				CLANG_ENABLE_MODULES = YES;
				CLANG_ENABLE_OBJC_ARC = YES;
				CLANG_ENABLE_OBJC_WEAK = YES;
				CLANG_WARN_BLOCK_CAPTURE_AUTORELEASING = YES;
				CLANG_WARN_BOOL_CONVERSION = YES;
				CLANG_WARN_COMMA = YES;
				CLANG_WARN_CONSTANT_CONVERSION = YES;
				CLANG_WARN_DEPRECATED_OBJC_IMPLEMENTATIONS = YES;
				CLANG_WARN_DIRECT_OBJC_ISA_USAGE = YES_ERROR;
				CLANG_WARN_DOCUMENTATION_COMMENTS = YES;
				CLANG_WARN_EMPTY_BODY = YES;
				CLANG_WARN_ENUM_CONVERSION = YES;
				CLANG_WARN_INFINITE_RECURSION = YES;
				CLANG_WARN_INT_CONVERSION = YES;
				CLANG_WARN_NON_LITERAL_NULL_CONVERSION = YES;
				CLANG_WARN_OBJC_IMPLICIT_RETAIN_SELF = YES;
				CLANG_WARN_OBJC_LITERAL_CONVERSION = YES;
				CLANG_WARN_OBJC_ROOT_CLASS = YES_ERROR;
				CLANG_WARN_QUOTED_INCLUDE_IN_FRAMEWORK_HEADER = YES;
				CLANG_WARN_RANGE_LOOP_ANALYSIS = YES;
				CLANG_WARN_STRICT_PROTOTYPES = YES;
				CLANG_WARN_SUSPICIOUS_MOVE = YES;
				CLANG_WARN_UNGUARDED_AVAILABILITY = YES_AGGRESSIVE;
				CLANG_WARN_UNREACHABLE_CODE = YES;
				CLANG_WARN__DUPLICATE_METHOD_MATCH = YES;
				COPY_PHASE_STRIP = NO;
				DEBUG_INFORMATION_FORMAT = "dwarf-with-dsym";
				ENABLE_NS_ASSERTIONS = NO;
				ENABLE_STRICT_OBJC_MSGSEND = YES;
				GCC_C_LANGUAGE_STANDARD = gnu11;
				GCC_NO_COMMON_BLOCKS = YES;
				GCC_WARN_64_TO_32_BIT_CONVERSION = YES;
				GCC_WARN_ABOUT_RETURN_TYPE = YES_ERROR;
				GCC_WARN_UNDECLARED_SELECTOR = YES;
				GCC_WARN_UNINITIALIZED_AUTOS = YES_AGGRESSIVE;
				GCC_WARN_UNUSED_FUNCTION = YES;
				GCC_WARN_UNUSED_VARIABLE = YES;
				IPHONEOS_DEPLOYMENT_TARGET = 15.4;
				MTL_ENABLE_DEBUG_INFO = NO;
				MTL_FAST_MATH = YES;
				SDKROOT = iphoneos;
				SWIFT_COMPILATION_MODE = wholemodule;
				SWIFT_OPTIMIZATION_LEVEL = "-O";
				VALIDATE_PRODUCT = YES;
			};
			name = Release;
		};
		83284944281F03360009C51F /* Debug */ = {
			isa = XCBuildConfiguration;
			buildSettings = {
				ASSETCATALOG_COMPILER_APPICON_NAME = AppIcon;
				ASSETCATALOG_COMPILER_GLOBAL_ACCENT_COLOR_NAME = AccentColor;
				CODE_SIGN_STYLE = Automatic;
				CURRENT_PROJECT_VERSION = 1;
				DEVELOPMENT_ASSET_PATHS = "\"Birdyy/Preview Content\"";
				DEVELOPMENT_TEAM = 4XUHP3VBJD;
				ENABLE_PREVIEWS = YES;
				GENERATE_INFOPLIST_FILE = YES;
				INFOPLIST_KEY_NSMicrophoneUsageDescription = "Let me use the microphone";
				INFOPLIST_KEY_UIApplicationSceneManifest_Generation = YES;
				INFOPLIST_KEY_UIApplicationSupportsIndirectInputEvents = YES;
				INFOPLIST_KEY_UILaunchScreen_Generation = YES;
				INFOPLIST_KEY_UISupportedInterfaceOrientations = UIInterfaceOrientationPortrait;
				INFOPLIST_KEY_UISupportedInterfaceOrientations_iPad = "UIInterfaceOrientationPortrait UIInterfaceOrientationPortraitUpsideDown UIInterfaceOrientationLandscapeLeft UIInterfaceOrientationLandscapeRight";
				INFOPLIST_KEY_UISupportedInterfaceOrientations_iPhone = "UIInterfaceOrientationPortrait UIInterfaceOrientationLandscapeLeft UIInterfaceOrientationLandscapeRight";
				IPHONEOS_DEPLOYMENT_TARGET = 15.0;
				LD_RUNPATH_SEARCH_PATHS = (
					"$(inherited)",
					"@executable_path/Frameworks",
				);
				MARKETING_VERSION = 1.0;
				PRODUCT_BUNDLE_IDENTIFIER = sk.artisma.Birdyy;
				PRODUCT_NAME = "$(TARGET_NAME)";
				SWIFT_EMIT_LOC_STRINGS = YES;
				SWIFT_VERSION = 5.0;
				TARGETED_DEVICE_FAMILY = 1;
			};
			name = Debug;
		};
		83284945281F03360009C51F /* Release */ = {
			isa = XCBuildConfiguration;
			buildSettings = {
				ASSETCATALOG_COMPILER_APPICON_NAME = AppIcon;
				ASSETCATALOG_COMPILER_GLOBAL_ACCENT_COLOR_NAME = AccentColor;
				CODE_SIGN_STYLE = Automatic;
				CURRENT_PROJECT_VERSION = 1;
				DEVELOPMENT_ASSET_PATHS = "\"Birdyy/Preview Content\"";
				DEVELOPMENT_TEAM = 4XUHP3VBJD;
				ENABLE_PREVIEWS = YES;
				GENERATE_INFOPLIST_FILE = YES;
				INFOPLIST_KEY_NSMicrophoneUsageDescription = "Let me use the microphone";
				INFOPLIST_KEY_UIApplicationSceneManifest_Generation = YES;
				INFOPLIST_KEY_UIApplicationSupportsIndirectInputEvents = YES;
				INFOPLIST_KEY_UILaunchScreen_Generation = YES;
				INFOPLIST_KEY_UISupportedInterfaceOrientations = UIInterfaceOrientationPortrait;
				INFOPLIST_KEY_UISupportedInterfaceOrientations_iPad = "UIInterfaceOrientationPortrait UIInterfaceOrientationPortraitUpsideDown UIInterfaceOrientationLandscapeLeft UIInterfaceOrientationLandscapeRight";
				INFOPLIST_KEY_UISupportedInterfaceOrientations_iPhone = "UIInterfaceOrientationPortrait UIInterfaceOrientationLandscapeLeft UIInterfaceOrientationLandscapeRight";
				IPHONEOS_DEPLOYMENT_TARGET = 15.0;
				LD_RUNPATH_SEARCH_PATHS = (
					"$(inherited)",
					"@executable_path/Frameworks",
				);
				MARKETING_VERSION = 1.0;
				PRODUCT_BUNDLE_IDENTIFIER = sk.artisma.Birdyy;
				PRODUCT_NAME = "$(TARGET_NAME)";
				SWIFT_EMIT_LOC_STRINGS = YES;
				SWIFT_VERSION = 5.0;
				TARGETED_DEVICE_FAMILY = 1;
			};
			name = Release;
		};
		83284947281F03360009C51F /* Debug */ = {
			isa = XCBuildConfiguration;
			buildSettings = {
				ALWAYS_EMBED_SWIFT_STANDARD_LIBRARIES = YES;
				BUNDLE_LOADER = "$(TEST_HOST)";
				CODE_SIGN_STYLE = Automatic;
				CURRENT_PROJECT_VERSION = 1;
				DEVELOPMENT_TEAM = 4XUHP3VBJD;
				GENERATE_INFOPLIST_FILE = YES;
				IPHONEOS_DEPLOYMENT_TARGET = 15.4;
				MARKETING_VERSION = 1.0;
				PRODUCT_BUNDLE_IDENTIFIER = sk.artisma.BirdyyTests;
				PRODUCT_NAME = "$(TARGET_NAME)";
				SWIFT_EMIT_LOC_STRINGS = NO;
				SWIFT_VERSION = 5.0;
				TARGETED_DEVICE_FAMILY = "1,2";
				TEST_HOST = "$(BUILT_PRODUCTS_DIR)/Birdyy.app/Birdyy";
			};
			name = Debug;
		};
		83284948281F03360009C51F /* Release */ = {
			isa = XCBuildConfiguration;
			buildSettings = {
				ALWAYS_EMBED_SWIFT_STANDARD_LIBRARIES = YES;
				BUNDLE_LOADER = "$(TEST_HOST)";
				CODE_SIGN_STYLE = Automatic;
				CURRENT_PROJECT_VERSION = 1;
				DEVELOPMENT_TEAM = 4XUHP3VBJD;
				GENERATE_INFOPLIST_FILE = YES;
				IPHONEOS_DEPLOYMENT_TARGET = 15.4;
				MARKETING_VERSION = 1.0;
				PRODUCT_BUNDLE_IDENTIFIER = sk.artisma.BirdyyTests;
				PRODUCT_NAME = "$(TARGET_NAME)";
				SWIFT_EMIT_LOC_STRINGS = NO;
				SWIFT_VERSION = 5.0;
				TARGETED_DEVICE_FAMILY = "1,2";
				TEST_HOST = "$(BUILT_PRODUCTS_DIR)/Birdyy.app/Birdyy";
			};
			name = Release;
		};
		8328494A281F03360009C51F /* Debug */ = {
			isa = XCBuildConfiguration;
			buildSettings = {
				ALWAYS_EMBED_SWIFT_STANDARD_LIBRARIES = YES;
				CODE_SIGN_STYLE = Automatic;
				CURRENT_PROJECT_VERSION = 1;
				DEVELOPMENT_TEAM = 4XUHP3VBJD;
				GENERATE_INFOPLIST_FILE = YES;
				MARKETING_VERSION = 1.0;
				PRODUCT_BUNDLE_IDENTIFIER = sk.artisma.BirdyyUITests;
				PRODUCT_NAME = "$(TARGET_NAME)";
				SWIFT_EMIT_LOC_STRINGS = NO;
				SWIFT_VERSION = 5.0;
				TARGETED_DEVICE_FAMILY = "1,2";
				TEST_TARGET_NAME = Birdyy;
			};
			name = Debug;
		};
		8328494B281F03360009C51F /* Release */ = {
			isa = XCBuildConfiguration;
			buildSettings = {
				ALWAYS_EMBED_SWIFT_STANDARD_LIBRARIES = YES;
				CODE_SIGN_STYLE = Automatic;
				CURRENT_PROJECT_VERSION = 1;
				DEVELOPMENT_TEAM = 4XUHP3VBJD;
				GENERATE_INFOPLIST_FILE = YES;
				MARKETING_VERSION = 1.0;
				PRODUCT_BUNDLE_IDENTIFIER = sk.artisma.BirdyyUITests;
				PRODUCT_NAME = "$(TARGET_NAME)";
				SWIFT_EMIT_LOC_STRINGS = NO;
				SWIFT_VERSION = 5.0;
				TARGETED_DEVICE_FAMILY = "1,2";
				TEST_TARGET_NAME = Birdyy;
			};
			name = Release;
		};
/* End XCBuildConfiguration section */

/* Begin XCConfigurationList section */
		8328491A281F03350009C51F /* Build configuration list for PBXProject "Birdyy" */ = {
			isa = XCConfigurationList;
			buildConfigurations = (
				83284941281F03360009C51F /* Debug */,
				83284942281F03360009C51F /* Release */,
			);
			defaultConfigurationIsVisible = 0;
			defaultConfigurationName = Release;
		};
		83284943281F03360009C51F /* Build configuration list for PBXNativeTarget "Birdyy" */ = {
			isa = XCConfigurationList;
			buildConfigurations = (
				83284944281F03360009C51F /* Debug */,
				83284945281F03360009C51F /* Release */,
			);
			defaultConfigurationIsVisible = 0;
			defaultConfigurationName = Release;
		};
		83284946281F03360009C51F /* Build configuration list for PBXNativeTarget "BirdyyTests" */ = {
			isa = XCConfigurationList;
			buildConfigurations = (
				83284947281F03360009C51F /* Debug */,
				83284948281F03360009C51F /* Release */,
			);
			defaultConfigurationIsVisible = 0;
			defaultConfigurationName = Release;
		};
		83284949281F03360009C51F /* Build configuration list for PBXNativeTarget "BirdyyUITests" */ = {
			isa = XCConfigurationList;
			buildConfigurations = (
				8328494A281F03360009C51F /* Debug */,
				8328494B281F03360009C51F /* Release */,
			);
			defaultConfigurationIsVisible = 0;
			defaultConfigurationName = Release;
		};
/* End XCConfigurationList section */
	};
	rootObject = 83284917281F03350009C51F /* Project object */;
}
